// !$*UTF8*$!
{
	archiveVersion = 1;
	classes = {
	};
	objectVersion = 56;
	objects = {

/* Begin PBXBuildFile section */
		F3AE29332977C39D006DB52E /* MyTimerAppApp.swift in Sources */ = {isa = PBXBuildFile; fileRef = F3AE29322977C39D006DB52E /* MyTimerAppApp.swift */; };
		F3AE29352977C39D006DB52E /* ContentView.swift in Sources */ = {isa = PBXBuildFile; fileRef = F3AE29342977C39D006DB52E /* ContentView.swift */; };
		F3AE29372977C39F006DB52E /* Assets.xcassets in Resources */ = {isa = PBXBuildFile; fileRef = F3AE29362977C39F006DB52E /* Assets.xcassets */; };
		F3AE293B2977C39F006DB52E /* Preview Assets.xcassets in Resources */ = {isa = PBXBuildFile; fileRef = F3AE293A2977C39F006DB52E /* Preview Assets.xcassets */; };
		F3AE29452977C39F006DB52E /* MyTimerAppTests.swift in Sources */ = {isa = PBXBuildFile; fileRef = F3AE29442977C39F006DB52E /* MyTimerAppTests.swift */; };
		F3AE294F2977C39F006DB52E /* MyTimerAppUITests.swift in Sources */ = {isa = PBXBuildFile; fileRef = F3AE294E2977C39F006DB52E /* MyTimerAppUITests.swift */; };
		F3AE29512977C39F006DB52E /* MyTimerAppUITestsLaunchTests.swift in Sources */ = {isa = PBXBuildFile; fileRef = F3AE29502977C39F006DB52E /* MyTimerAppUITestsLaunchTests.swift */; };
/* End PBXBuildFile section */

/* Begin PBXContainerItemProxy section */
		F3AE29412977C39F006DB52E /* PBXContainerItemProxy */ = {
			isa = PBXContainerItemProxy;
			containerPortal = F3AE29272977C39D006DB52E /* Project object */;
			proxyType = 1;
			remoteGlobalIDString = F3AE292E2977C39D006DB52E;
			remoteInfo = MyTimerApp;
		};
		F3AE294B2977C39F006DB52E /* PBXContainerItemProxy */ = {
			isa = PBXContainerItemProxy;
			containerPortal = F3AE29272977C39D006DB52E /* Project object */;
			proxyType = 1;
			remoteGlobalIDString = F3AE292E2977C39D006DB52E;
			remoteInfo = MyTimerApp;
		};
/* End PBXContainerItemProxy section */

/* Begin PBXFileReference section */
		F3AE292F2977C39D006DB52E /* MyTimerApp.app */ = {isa = PBXFileReference; explicitFileType = wrapper.application; includeInIndex = 0; path = MyTimerApp.app; sourceTree = BUILT_PRODUCTS_DIR; };
		F3AE29322977C39D006DB52E /* MyTimerAppApp.swift */ = {isa = PBXFileReference; lastKnownFileType = sourcecode.swift; path = MyTimerAppApp.swift; sourceTree = "<group>"; };
		F3AE29342977C39D006DB52E /* ContentView.swift */ = {isa = PBXFileReference; lastKnownFileType = sourcecode.swift; path = ContentView.swift; sourceTree = "<group>"; };
		F3AE29362977C39F006DB52E /* Assets.xcassets */ = {isa = PBXFileReference; lastKnownFileType = folder.assetcatalog; path = Assets.xcassets; sourceTree = "<group>"; };
		F3AE29382977C39F006DB52E /* MyTimerApp.entitlements */ = {isa = PBXFileReference; lastKnownFileType = text.plist.entitlements; path = MyTimerApp.entitlements; sourceTree = "<group>"; };
		F3AE293A2977C39F006DB52E /* Preview Assets.xcassets */ = {isa = PBXFileReference; lastKnownFileType = folder.assetcatalog; path = "Preview Assets.xcassets"; sourceTree = "<group>"; };
		F3AE29402977C39F006DB52E /* MyTimerAppTests.xctest */ = {isa = PBXFileReference; explicitFileType = wrapper.cfbundle; includeInIndex = 0; path = MyTimerAppTests.xctest; sourceTree = BUILT_PRODUCTS_DIR; };
		F3AE29442977C39F006DB52E /* MyTimerAppTests.swift */ = {isa = PBXFileReference; lastKnownFileType = sourcecode.swift; path = MyTimerAppTests.swift; sourceTree = "<group>"; };
		F3AE294A2977C39F006DB52E /* MyTimerAppUITests.xctest */ = {isa = PBXFileReference; explicitFileType = wrapper.cfbundle; includeInIndex = 0; path = MyTimerAppUITests.xctest; sourceTree = BUILT_PRODUCTS_DIR; };
		F3AE294E2977C39F006DB52E /* MyTimerAppUITests.swift */ = {isa = PBXFileReference; lastKnownFileType = sourcecode.swift; path = MyTimerAppUITests.swift; sourceTree = "<group>"; };
		F3AE29502977C39F006DB52E /* MyTimerAppUITestsLaunchTests.swift */ = {isa = PBXFileReference; lastKnownFileType = sourcecode.swift; path = MyTimerAppUITestsLaunchTests.swift; sourceTree = "<group>"; };
/* End PBXFileReference section */

/* Begin PBXFrameworksBuildPhase section */
		F3AE292C2977C39D006DB52E /* Frameworks */ = {
			isa = PBXFrameworksBuildPhase;
			buildActionMask = 2147483647;
			files = (
			);
			runOnlyForDeploymentPostprocessing = 0;
		};
		F3AE293D2977C39F006DB52E /* Frameworks */ = {
			isa = PBXFrameworksBuildPhase;
			buildActionMask = 2147483647;
			files = (
			);
			runOnlyForDeploymentPostprocessing = 0;
		};
		F3AE29472977C39F006DB52E /* Frameworks */ = {
			isa = PBXFrameworksBuildPhase;
			buildActionMask = 2147483647;
			files = (
			);
			runOnlyForDeploymentPostprocessing = 0;
		};
/* End PBXFrameworksBuildPhase section */

/* Begin PBXGroup section */
		F3AE29262977C39D006DB52E = {
			isa = PBXGroup;
			children = (
				F3AE29312977C39D006DB52E /* MyTimerApp */,
				F3AE29432977C39F006DB52E /* MyTimerAppTests */,
				F3AE294D2977C39F006DB52E /* MyTimerAppUITests */,
				F3AE29302977C39D006DB52E /* Products */,
			);
			sourceTree = "<group>";
		};
		F3AE29302977C39D006DB52E /* Products */ = {
			isa = PBXGroup;
			children = (
				F3AE292F2977C39D006DB52E /* MyTimerApp.app */,
				F3AE29402977C39F006DB52E /* MyTimerAppTests.xctest */,
				F3AE294A2977C39F006DB52E /* MyTimerAppUITests.xctest */,
			);
			name = Products;
			sourceTree = "<group>";
		};
		F3AE29312977C39D006DB52E /* MyTimerApp */ = {
			isa = PBXGroup;
			children = (
				F3AE29322977C39D006DB52E /* MyTimerAppApp.swift */,
				F3AE29342977C39D006DB52E /* ContentView.swift */,
				F3AE29362977C39F006DB52E /* Assets.xcassets */,
				F3AE29382977C39F006DB52E /* MyTimerApp.entitlements */,
				F3AE29392977C39F006DB52E /* Preview Content */,
			);
			path = MyTimerApp;
			sourceTree = "<group>";
		};
		F3AE29392977C39F006DB52E /* Preview Content */ = {
			isa = PBXGroup;
			children = (
				F3AE293A2977C39F006DB52E /* Preview Assets.xcassets */,
			);
			path = "Preview Content";
			sourceTree = "<group>";
		};
		F3AE29432977C39F006DB52E /* MyTimerAppTests */ = {
			isa = PBXGroup;
			children = (
				F3AE29442977C39F006DB52E /* MyTimerAppTests.swift */,
			);
			path = MyTimerAppTests;
			sourceTree = "<group>";
		};
		F3AE294D2977C39F006DB52E /* MyTimerAppUITests */ = {
			isa = PBXGroup;
			children = (
				F3AE294E2977C39F006DB52E /* MyTimerAppUITests.swift */,
				F3AE29502977C39F006DB52E /* MyTimerAppUITestsLaunchTests.swift */,
			);
			path = MyTimerAppUITests;
			sourceTree = "<group>";
		};
/* End PBXGroup section */

/* Begin PBXNativeTarget section */
		F3AE292E2977C39D006DB52E /* MyTimerApp */ = {
			isa = PBXNativeTarget;
			buildConfigurationList = F3AE29542977C39F006DB52E /* Build configuration list for PBXNativeTarget "MyTimerApp" */;
			buildPhases = (
				F3AE292B2977C39D006DB52E /* Sources */,
				F3AE292C2977C39D006DB52E /* Frameworks */,
				F3AE292D2977C39D006DB52E /* Resources */,
			);
			buildRules = (
			);
			dependencies = (
			);
			name = MyTimerApp;
			productName = MyTimerApp;
			productReference = F3AE292F2977C39D006DB52E /* MyTimerApp.app */;
			productType = "com.apple.product-type.application";
		};
		F3AE293F2977C39F006DB52E /* MyTimerAppTests */ = {
			isa = PBXNativeTarget;
			buildConfigurationList = F3AE29572977C39F006DB52E /* Build configuration list for PBXNativeTarget "MyTimerAppTests" */;
			buildPhases = (
				F3AE293C2977C39F006DB52E /* Sources */,
				F3AE293D2977C39F006DB52E /* Frameworks */,
				F3AE293E2977C39F006DB52E /* Resources */,
			);
			buildRules = (
			);
			dependencies = (
				F3AE29422977C39F006DB52E /* PBXTargetDependency */,
			);
			name = MyTimerAppTests;
			productName = MyTimerAppTests;
			productReference = F3AE29402977C39F006DB52E /* MyTimerAppTests.xctest */;
			productType = "com.apple.product-type.bundle.unit-test";
		};
		F3AE29492977C39F006DB52E /* MyTimerAppUITests */ = {
			isa = PBXNativeTarget;
			buildConfigurationList = F3AE295A2977C39F006DB52E /* Build configuration list for PBXNativeTarget "MyTimerAppUITests" */;
			buildPhases = (
				F3AE29462977C39F006DB52E /* Sources */,
				F3AE29472977C39F006DB52E /* Frameworks */,
				F3AE29482977C39F006DB52E /* Resources */,
			);
			buildRules = (
			);
			dependencies = (
				F3AE294C2977C39F006DB52E /* PBXTargetDependency */,
			);
			name = MyTimerAppUITests;
			productName = MyTimerAppUITests;
			productReference = F3AE294A2977C39F006DB52E /* MyTimerAppUITests.xctest */;
			productType = "com.apple.product-type.bundle.ui-testing";
		};
/* End PBXNativeTarget section */

/* Begin PBXProject section */
		F3AE29272977C39D006DB52E /* Project object */ = {
			isa = PBXProject;
			attributes = {
				BuildIndependentTargetsInParallel = 1;
				LastSwiftUpdateCheck = 1420;
				LastUpgradeCheck = 1420;
				TargetAttributes = {
					F3AE292E2977C39D006DB52E = {
						CreatedOnToolsVersion = 14.2;
					};
					F3AE293F2977C39F006DB52E = {
						CreatedOnToolsVersion = 14.2;
						TestTargetID = F3AE292E2977C39D006DB52E;
					};
					F3AE29492977C39F006DB52E = {
						CreatedOnToolsVersion = 14.2;
						TestTargetID = F3AE292E2977C39D006DB52E;
					};
				};
			};
			buildConfigurationList = F3AE292A2977C39D006DB52E /* Build configuration list for PBXProject "MyTimerApp" */;
			compatibilityVersion = "Xcode 14.0";
			developmentRegion = en;
			hasScannedForEncodings = 0;
			knownRegions = (
				en,
				Base,
			);
			mainGroup = F3AE29262977C39D006DB52E;
			productRefGroup = F3AE29302977C39D006DB52E /* Products */;
			projectDirPath = "";
			projectRoot = "";
			targets = (
				F3AE292E2977C39D006DB52E /* MyTimerApp */,
				F3AE293F2977C39F006DB52E /* MyTimerAppTests */,
				F3AE29492977C39F006DB52E /* MyTimerAppUITests */,
			);
		};
/* End PBXProject section */

/* Begin PBXResourcesBuildPhase section */
		F3AE292D2977C39D006DB52E /* Resources */ = {
			isa = PBXResourcesBuildPhase;
			buildActionMask = 2147483647;
			files = (
				F3AE293B2977C39F006DB52E /* Preview Assets.xcassets in Resources */,
				F3AE29372977C39F006DB52E /* Assets.xcassets in Resources */,
			);
			runOnlyForDeploymentPostprocessing = 0;
		};
		F3AE293E2977C39F006DB52E /* Resources */ = {
			isa = PBXResourcesBuildPhase;
			buildActionMask = 2147483647;
			files = (
			);
			runOnlyForDeploymentPostprocessing = 0;
		};
		F3AE29482977C39F006DB52E /* Resources */ = {
			isa = PBXResourcesBuildPhase;
			buildActionMask = 2147483647;
			files = (
			);
			runOnlyForDeploymentPostprocessing = 0;
		};
/* End PBXResourcesBuildPhase section */

/* Begin PBXSourcesBuildPhase section */
		F3AE292B2977C39D006DB52E /* Sources */ = {
			isa = PBXSourcesBuildPhase;
			buildActionMask = 2147483647;
			files = (
				F3AE29352977C39D006DB52E /* ContentView.swift in Sources */,
				F3AE29332977C39D006DB52E /* MyTimerAppApp.swift in Sources */,
			);
			runOnlyForDeploymentPostprocessing = 0;
		};
		F3AE293C2977C39F006DB52E /* Sources */ = {
			isa = PBXSourcesBuildPhase;
			buildActionMask = 2147483647;
			files = (
				F3AE29452977C39F006DB52E /* MyTimerAppTests.swift in Sources */,
			);
			runOnlyForDeploymentPostprocessing = 0;
		};
		F3AE29462977C39F006DB52E /* Sources */ = {
			isa = PBXSourcesBuildPhase;
			buildActionMask = 2147483647;
			files = (
				F3AE29512977C39F006DB52E /* MyTimerAppUITestsLaunchTests.swift in Sources */,
				F3AE294F2977C39F006DB52E /* MyTimerAppUITests.swift in Sources */,
			);
			runOnlyForDeploymentPostprocessing = 0;
		};
/* End PBXSourcesBuildPhase section */

/* Begin PBXTargetDependency section */
		F3AE29422977C39F006DB52E /* PBXTargetDependency */ = {
			isa = PBXTargetDependency;
			target = F3AE292E2977C39D006DB52E /* MyTimerApp */;
			targetProxy = F3AE29412977C39F006DB52E /* PBXContainerItemProxy */;
		};
		F3AE294C2977C39F006DB52E /* PBXTargetDependency */ = {
			isa = PBXTargetDependency;
			target = F3AE292E2977C39D006DB52E /* MyTimerApp */;
			targetProxy = F3AE294B2977C39F006DB52E /* PBXContainerItemProxy */;
		};
/* End PBXTargetDependency section */

/* Begin XCBuildConfiguration section */
		F3AE29522977C39F006DB52E /* Debug */ = {
			isa = XCBuildConfiguration;
			buildSettings = {
				ALWAYS_SEARCH_USER_PATHS = NO;
				CLANG_ANALYZER_NONNULL = YES;
				CLANG_ANALYZER_NUMBER_OBJECT_CONVERSION = YES_AGGRESSIVE;
				CLANG_CXX_LANGUAGE_STANDARD = "gnu++20";
				CLANG_ENABLE_MODULES = YES;
				CLANG_ENABLE_OBJC_ARC = YES;
				CLANG_ENABLE_OBJC_WEAK = YES;
				CLANG_WARN_BLOCK_CAPTURE_AUTORELEASING = YES;
				CLANG_WARN_BOOL_CONVERSION = YES;
				CLANG_WARN_COMMA = YES;
				CLANG_WARN_CONSTANT_CONVERSION = YES;
				CLANG_WARN_DEPRECATED_OBJC_IMPLEMENTATIONS = YES;
				CLANG_WARN_DIRECT_OBJC_ISA_USAGE = YES_ERROR;
				CLANG_WARN_DOCUMENTATION_COMMENTS = YES;
				CLANG_WARN_EMPTY_BODY = YES;
				CLANG_WARN_ENUM_CONVERSION = YES;
				CLANG_WARN_INFINITE_RECURSION = YES;
				CLANG_WARN_INT_CONVERSION = YES;
				CLANG_WARN_NON_LITERAL_NULL_CONVERSION = YES;
				CLANG_WARN_OBJC_IMPLICIT_RETAIN_SELF = YES;
				CLANG_WARN_OBJC_LITERAL_CONVERSION = YES;
				CLANG_WARN_OBJC_ROOT_CLASS = YES_ERROR;
				CLANG_WARN_QUOTED_INCLUDE_IN_FRAMEWORK_HEADER = YES;
				CLANG_WARN_RANGE_LOOP_ANALYSIS = YES;
				CLANG_WARN_STRICT_PROTOTYPES = YES;
				CLANG_WARN_SUSPICIOUS_MOVE = YES;
				CLANG_WARN_UNGUARDED_AVAILABILITY = YES_AGGRESSIVE;
				CLANG_WARN_UNREACHABLE_CODE = YES;
				CLANG_WARN__DUPLICATE_METHOD_MATCH = YES;
				COPY_PHASE_STRIP = NO;
				DEBUG_INFORMATION_FORMAT = dwarf;
				ENABLE_STRICT_OBJC_MSGSEND = YES;
				ENABLE_TESTABILITY = YES;
				GCC_C_LANGUAGE_STANDARD = gnu11;
				GCC_DYNAMIC_NO_PIC = NO;
				GCC_NO_COMMON_BLOCKS = YES;
				GCC_OPTIMIZATION_LEVEL = 0;
				GCC_PREPROCESSOR_DEFINITIONS = (
					"DEBUG=1",
					"$(inherited)",
				);
				GCC_WARN_64_TO_32_BIT_CONVERSION = YES;
				GCC_WARN_ABOUT_RETURN_TYPE = YES_ERROR;
				GCC_WARN_UNDECLARED_SELECTOR = YES;
				GCC_WARN_UNINITIALIZED_AUTOS = YES_AGGRESSIVE;
				GCC_WARN_UNUSED_FUNCTION = YES;
				GCC_WARN_UNUSED_VARIABLE = YES;
				MTL_ENABLE_DEBUG_INFO = INCLUDE_SOURCE;
				MTL_FAST_MATH = YES;
				ONLY_ACTIVE_ARCH = YES;
				SWIFT_ACTIVE_COMPILATION_CONDITIONS = DEBUG;
				SWIFT_OPTIMIZATION_LEVEL = "-Onone";
			};
			name = Debug;
		};
		F3AE29532977C39F006DB52E /* Release */ = {
			isa = XCBuildConfiguration;
			buildSettings = {
				ALWAYS_SEARCH_USER_PATHS = NO;
				CLANG_ANALYZER_NONNULL = YES;
				CLANG_ANALYZER_NUMBER_OBJECT_CONVERSION = YES_AGGRESSIVE;
				CLANG_CXX_LANGUAGE_STANDARD = "gnu++20";
				CLANG_ENABLE_MODULES = YES;
				CLANG_ENABLE_OBJC_ARC = YES;
				CLANG_ENABLE_OBJC_WEAK = YES;
				CLANG_WARN_BLOCK_CAPTURE_AUTORELEASING = YES;
				CLANG_WARN_BOOL_CONVERSION = YES;
				CLANG_WARN_COMMA = YES;
				CLANG_WARN_CONSTANT_CONVERSION = YES;
				CLANG_WARN_DEPRECATED_OBJC_IMPLEMENTATIONS = YES;
				CLANG_WARN_DIRECT_OBJC_ISA_USAGE = YES_ERROR;
				CLANG_WARN_DOCUMENTATION_COMMENTS = YES;
				CLANG_WARN_EMPTY_BODY = YES;
				CLANG_WARN_ENUM_CONVERSION = YES;
				CLANG_WARN_INFINITE_RECURSION = YES;
				CLANG_WARN_INT_CONVERSION = YES;
				CLANG_WARN_NON_LITERAL_NULL_CONVERSION = YES;
				CLANG_WARN_OBJC_IMPLICIT_RETAIN_SELF = YES;
				CLANG_WARN_OBJC_LITERAL_CONVERSION = YES;
				CLANG_WARN_OBJC_ROOT_CLASS = YES_ERROR;
				CLANG_WARN_QUOTED_INCLUDE_IN_FRAMEWORK_HEADER = YES;
				CLANG_WARN_RANGE_LOOP_ANALYSIS = YES;
				CLANG_WARN_STRICT_PROTOTYPES = YES;
				CLANG_WARN_SUSPICIOUS_MOVE = YES;
				CLANG_WARN_UNGUARDED_AVAILABILITY = YES_AGGRESSIVE;
				CLANG_WARN_UNREACHABLE_CODE = YES;
				CLANG_WARN__DUPLICATE_METHOD_MATCH = YES;
				COPY_PHASE_STRIP = NO;
				DEBUG_INFORMATION_FORMAT = "dwarf-with-dsym";
				ENABLE_NS_ASSERTIONS = NO;
				ENABLE_STRICT_OBJC_MSGSEND = YES;
				GCC_C_LANGUAGE_STANDARD = gnu11;
				GCC_NO_COMMON_BLOCKS = YES;
				GCC_WARN_64_TO_32_BIT_CONVERSION = YES;
				GCC_WARN_ABOUT_RETURN_TYPE = YES_ERROR;
				GCC_WARN_UNDECLARED_SELECTOR = YES;
				GCC_WARN_UNINITIALIZED_AUTOS = YES_AGGRESSIVE;
				GCC_WARN_UNUSED_FUNCTION = YES;
				GCC_WARN_UNUSED_VARIABLE = YES;
				MTL_ENABLE_DEBUG_INFO = NO;
				MTL_FAST_MATH = YES;
				SWIFT_COMPILATION_MODE = wholemodule;
				SWIFT_OPTIMIZATION_LEVEL = "-O";
			};
			name = Release;
		};
		F3AE29552977C39F006DB52E /* Debug */ = {
			isa = XCBuildConfiguration;
			buildSettings = {
				ASSETCATALOG_COMPILER_APPICON_NAME = AppIcon;
				ASSETCATALOG_COMPILER_GLOBAL_ACCENT_COLOR_NAME = AccentColor;
				CODE_SIGN_ENTITLEMENTS = MyTimerApp/MyTimerApp.entitlements;
				CODE_SIGN_STYLE = Automatic;
				CURRENT_PROJECT_VERSION = 1;
				DEVELOPMENT_ASSET_PATHS = "\"MyTimerApp/Preview Content\"";
				DEVELOPMENT_TEAM = 2PGL2J2X9F;
				ENABLE_HARDENED_RUNTIME = YES;
				ENABLE_PREVIEWS = YES;
				GENERATE_INFOPLIST_FILE = YES;
				"INFOPLIST_KEY_UIApplicationSceneManifest_Generation[sdk=iphoneos*]" = YES;
				"INFOPLIST_KEY_UIApplicationSceneManifest_Generation[sdk=iphonesimulator*]" = YES;
				"INFOPLIST_KEY_UIApplicationSupportsIndirectInputEvents[sdk=iphoneos*]" = YES;
				"INFOPLIST_KEY_UIApplicationSupportsIndirectInputEvents[sdk=iphonesimulator*]" = YES;
				"INFOPLIST_KEY_UILaunchScreen_Generation[sdk=iphoneos*]" = YES;
				"INFOPLIST_KEY_UILaunchScreen_Generation[sdk=iphonesimulator*]" = YES;
				"INFOPLIST_KEY_UIStatusBarStyle[sdk=iphoneos*]" = UIStatusBarStyleDefault;
				"INFOPLIST_KEY_UIStatusBarStyle[sdk=iphonesimulator*]" = UIStatusBarStyleDefault;
				INFOPLIST_KEY_UISupportedInterfaceOrientations_iPad = "UIInterfaceOrientationPortrait UIInterfaceOrientationPortraitUpsideDown UIInterfaceOrientationLandscapeLeft UIInterfaceOrientationLandscapeRight";
				INFOPLIST_KEY_UISupportedInterfaceOrientations_iPhone = "UIInterfaceOrientationPortrait UIInterfaceOrientationLandscapeLeft UIInterfaceOrientationLandscapeRight";
				IPHONEOS_DEPLOYMENT_TARGET = 16.2;
				LD_RUNPATH_SEARCH_PATHS = "@executable_path/Frameworks";
				"LD_RUNPATH_SEARCH_PATHS[sdk=macosx*]" = "@executable_path/../Frameworks";
				MACOSX_DEPLOYMENT_TARGET = 12.6;
				MARKETING_VERSION = 1.0;
				PRODUCT_BUNDLE_IDENTIFIER = com.gmail.skdr0724.MyTimerApp;
				PRODUCT_NAME = "$(TARGET_NAME)";
				SDKROOT = auto;
				SUPPORTED_PLATFORMS = "iphoneos iphonesimulator macosx";
				SWIFT_EMIT_LOC_STRINGS = YES;
				SWIFT_VERSION = 5.0;
				TARGETED_DEVICE_FAMILY = "1,2";
			};
			name = Debug;
		};
		F3AE29562977C39F006DB52E /* Release */ = {
			isa = XCBuildConfiguration;
			buildSettings = {
				ASSETCATALOG_COMPILER_APPICON_NAME = AppIcon;
				ASSETCATALOG_COMPILER_GLOBAL_ACCENT_COLOR_NAME = AccentColor;
				CODE_SIGN_ENTITLEMENTS = MyTimerApp/MyTimerApp.entitlements;
				CODE_SIGN_STYLE = Automatic;
				CURRENT_PROJECT_VERSION = 1;
				DEVELOPMENT_ASSET_PATHS = "\"MyTimerApp/Preview Content\"";
				DEVELOPMENT_TEAM = 2PGL2J2X9F;
				ENABLE_HARDENED_RUNTIME = YES;
				ENABLE_PREVIEWS = YES;
				GENERATE_INFOPLIST_FILE = YES;
				"INFOPLIST_KEY_UIApplicationSceneManifest_Generation[sdk=iphoneos*]" = YES;
				"INFOPLIST_KEY_UIApplicationSceneManifest_Generation[sdk=iphonesimulator*]" = YES;
				"INFOPLIST_KEY_UIApplicationSupportsIndirectInputEvents[sdk=iphoneos*]" = YES;
				"INFOPLIST_KEY_UIApplicationSupportsIndirectInputEvents[sdk=iphonesimulator*]" = YES;
				"INFOPLIST_KEY_UILaunchScreen_Generation[sdk=iphoneos*]" = YES;
				"INFOPLIST_KEY_UILaunchScreen_Generation[sdk=iphonesimulator*]" = YES;
				"INFOPLIST_KEY_UIStatusBarStyle[sdk=iphoneos*]" = UIStatusBarStyleDefault;
				"INFOPLIST_KEY_UIStatusBarStyle[sdk=iphonesimulator*]" = UIStatusBarStyleDefault;
				INFOPLIST_KEY_UISupportedInterfaceOrientations_iPad = "UIInterfaceOrientationPortrait UIInterfaceOrientationPortraitUpsideDown UIInterfaceOrientationLandscapeLeft UIInterfaceOrientationLandscapeRight";
				INFOPLIST_KEY_UISupportedInterfaceOrientations_iPhone = "UIInterfaceOrientationPortrait UIInterfaceOrientationLandscapeLeft UIInterfaceOrientationLandscapeRight";
				IPHONEOS_DEPLOYMENT_TARGET = 16.2;
				LD_RUNPATH_SEARCH_PATHS = "@executable_path/Frameworks";
				"LD_RUNPATH_SEARCH_PATHS[sdk=macosx*]" = "@executable_path/../Frameworks";
				MACOSX_DEPLOYMENT_TARGET = 12.6;
				MARKETING_VERSION = 1.0;
				PRODUCT_BUNDLE_IDENTIFIER = com.gmail.skdr0724.MyTimerApp;
				PRODUCT_NAME = "$(TARGET_NAME)";
				SDKROOT = auto;
				SUPPORTED_PLATFORMS = "iphoneos iphonesimulator macosx";
				SWIFT_EMIT_LOC_STRINGS = YES;
				SWIFT_VERSION = 5.0;
				TARGETED_DEVICE_FAMILY = "1,2";
			};
			name = Release;
		};
		F3AE29582977C39F006DB52E /* Debug */ = {
			isa = XCBuildConfiguration;
			buildSettings = {
				ALWAYS_EMBED_SWIFT_STANDARD_LIBRARIES = YES;
				BUNDLE_LOADER = "$(TEST_HOST)";
				CODE_SIGN_STYLE = Automatic;
				CURRENT_PROJECT_VERSION = 1;
				DEVELOPMENT_TEAM = 2PGL2J2X9F;
				GENERATE_INFOPLIST_FILE = YES;
				IPHONEOS_DEPLOYMENT_TARGET = 16.2;
				MACOSX_DEPLOYMENT_TARGET = 12.6;
				MARKETING_VERSION = 1.0;
				PRODUCT_BUNDLE_IDENTIFIER = com.gmail.skdr0724.MyTimerAppTests;
				PRODUCT_NAME = "$(TARGET_NAME)";
				SDKROOT = auto;
				SUPPORTED_PLATFORMS = "iphoneos iphonesimulator macosx";
				SWIFT_EMIT_LOC_STRINGS = NO;
				SWIFT_VERSION = 5.0;
				TARGETED_DEVICE_FAMILY = "1,2";
				TEST_HOST = "$(BUILT_PRODUCTS_DIR)/MyTimerApp.app/$(BUNDLE_EXECUTABLE_FOLDER_PATH)/MyTimerApp";
			};
			name = Debug;
		};
		F3AE29592977C39F006DB52E /* Release */ = {
			isa = XCBuildConfiguration;
			buildSettings = {
				ALWAYS_EMBED_SWIFT_STANDARD_LIBRARIES = YES;
				BUNDLE_LOADER = "$(TEST_HOST)";
				CODE_SIGN_STYLE = Automatic;
				CURRENT_PROJECT_VERSION = 1;
				DEVELOPMENT_TEAM = 2PGL2J2X9F;
				GENERATE_INFOPLIST_FILE = YES;
				IPHONEOS_DEPLOYMENT_TARGET = 16.2;
				MACOSX_DEPLOYMENT_TARGET = 12.6;
				MARKETING_VERSION = 1.0;
				PRODUCT_BUNDLE_IDENTIFIER = com.gmail.skdr0724.MyTimerAppTests;
				PRODUCT_NAME = "$(TARGET_NAME)";
				SDKROOT = auto;
				SUPPORTED_PLATFORMS = "iphoneos iphonesimulator macosx";
				SWIFT_EMIT_LOC_STRINGS = NO;
				SWIFT_VERSION = 5.0;
				TARGETED_DEVICE_FAMILY = "1,2";
				TEST_HOST = "$(BUILT_PRODUCTS_DIR)/MyTimerApp.app/$(BUNDLE_EXECUTABLE_FOLDER_PATH)/MyTimerApp";
			};
			name = Release;
		};
		F3AE295B2977C39F006DB52E /* Debug */ = {
			isa = XCBuildConfiguration;
			buildSettings = {
				ALWAYS_EMBED_SWIFT_STANDARD_LIBRARIES = YES;
				CODE_SIGN_STYLE = Automatic;
				CURRENT_PROJECT_VERSION = 1;
				DEVELOPMENT_TEAM = 2PGL2J2X9F;
				GENERATE_INFOPLIST_FILE = YES;
				IPHONEOS_DEPLOYMENT_TARGET = 16.2;
				MACOSX_DEPLOYMENT_TARGET = 12.6;
				MARKETING_VERSION = 1.0;
				PRODUCT_BUNDLE_IDENTIFIER = com.gmail.skdr0724.MyTimerAppUITests;
				PRODUCT_NAME = "$(TARGET_NAME)";
				SDKROOT = auto;
				SUPPORTED_PLATFORMS = "iphoneos iphonesimulator macosx";
				SWIFT_EMIT_LOC_STRINGS = NO;
				SWIFT_VERSION = 5.0;
				TARGETED_DEVICE_FAMILY = "1,2";
				TEST_TARGET_NAME = MyTimerApp;
			};
			name = Debug;
		};
		F3AE295C2977C39F006DB52E /* Release */ = {
			isa = XCBuildConfiguration;
			buildSettings = {
				ALWAYS_EMBED_SWIFT_STANDARD_LIBRARIES = YES;
				CODE_SIGN_STYLE = Automatic;
				CURRENT_PROJECT_VERSION = 1;
				DEVELOPMENT_TEAM = 2PGL2J2X9F;
				GENERATE_INFOPLIST_FILE = YES;
				IPHONEOS_DEPLOYMENT_TARGET = 16.2;
				MACOSX_DEPLOYMENT_TARGET = 12.6;
				MARKETING_VERSION = 1.0;
				PRODUCT_BUNDLE_IDENTIFIER = com.gmail.skdr0724.MyTimerAppUITests;
				PRODUCT_NAME = "$(TARGET_NAME)";
				SDKROOT = auto;
				SUPPORTED_PLATFORMS = "iphoneos iphonesimulator macosx";
				SWIFT_EMIT_LOC_STRINGS = NO;
				SWIFT_VERSION = 5.0;
				TARGETED_DEVICE_FAMILY = "1,2";
				TEST_TARGET_NAME = MyTimerApp;
			};
			name = Release;
		};
/* End XCBuildConfiguration section */

/* Begin XCConfigurationList section */
		F3AE292A2977C39D006DB52E /* Build configuration list for PBXProject "MyTimerApp" */ = {
			isa = XCConfigurationList;
			buildConfigurations = (
				F3AE29522977C39F006DB52E /* Debug */,
				F3AE29532977C39F006DB52E /* Release */,
			);
			defaultConfigurationIsVisible = 0;
			defaultConfigurationName = Release;
		};
		F3AE29542977C39F006DB52E /* Build configuration list for PBXNativeTarget "MyTimerApp" */ = {
			isa = XCConfigurationList;
			buildConfigurations = (
				F3AE29552977C39F006DB52E /* Debug */,
				F3AE29562977C39F006DB52E /* Release */,
			);
			defaultConfigurationIsVisible = 0;
			defaultConfigurationName = Release;
		};
		F3AE29572977C39F006DB52E /* Build configuration list for PBXNativeTarget "MyTimerAppTests" */ = {
			isa = XCConfigurationList;
			buildConfigurations = (
				F3AE29582977C39F006DB52E /* Debug */,
				F3AE29592977C39F006DB52E /* Release */,
			);
			defaultConfigurationIsVisible = 0;
			defaultConfigurationName = Release;
		};
		F3AE295A2977C39F006DB52E /* Build configuration list for PBXNativeTarget "MyTimerAppUITests" */ = {
			isa = XCConfigurationList;
			buildConfigurations = (
				F3AE295B2977C39F006DB52E /* Debug */,
				F3AE295C2977C39F006DB52E /* Release */,
			);
			defaultConfigurationIsVisible = 0;
			defaultConfigurationName = Release;
		};
/* End XCConfigurationList section */
	};
	rootObject = F3AE29272977C39D006DB52E /* Project object */;
}
